// !$*UTF8*$!
{
	archiveVersion = 1;
	classes = {
	};
	objectVersion = 56;
	objects = {

/* Begin PBXBuildFile section */
		01CD2DB529B584AE0073AB99 /* PBCApp.swift in Sources */ = {isa = PBXBuildFile; fileRef = 01CD2DB429B584AE0073AB99 /* PBCApp.swift */; };
		01CD2DB729B584AE0073AB99 /* ContentView.swift in Sources */ = {isa = PBXBuildFile; fileRef = 01CD2DB629B584AE0073AB99 /* ContentView.swift */; };
		01CD2DB929B584AE0073AB99 /* Assets.xcassets in Resources */ = {isa = PBXBuildFile; fileRef = 01CD2DB829B584AE0073AB99 /* Assets.xcassets */; };
		01CD2DBC29B584AE0073AB99 /* Preview Assets.xcassets in Resources */ = {isa = PBXBuildFile; fileRef = 01CD2DBB29B584AE0073AB99 /* Preview Assets.xcassets */; };
		01CD2DC629B584AE0073AB99 /* PBCTests.swift in Sources */ = {isa = PBXBuildFile; fileRef = 01CD2DC529B584AE0073AB99 /* PBCTests.swift */; };
		01CD2DD029B584AE0073AB99 /* PBCUITests.swift in Sources */ = {isa = PBXBuildFile; fileRef = 01CD2DCF29B584AE0073AB99 /* PBCUITests.swift */; };
		01CD2DD229B584AE0073AB99 /* PBCUITestsLaunchTests.swift in Sources */ = {isa = PBXBuildFile; fileRef = 01CD2DD129B584AE0073AB99 /* PBCUITestsLaunchTests.swift */; };
		01CD2DDF29B5BB760073AB99 /* CurriculumView.swift in Sources */ = {isa = PBXBuildFile; fileRef = 01CD2DDE29B5BB760073AB99 /* CurriculumView.swift */; };
		01CD2DE129B5BC250073AB99 /* EvaluationView.swift in Sources */ = {isa = PBXBuildFile; fileRef = 01CD2DE029B5BC250073AB99 /* EvaluationView.swift */; };
		01CD2DE329B5BC320073AB99 /* FindView.swift in Sources */ = {isa = PBXBuildFile; fileRef = 01CD2DE229B5BC320073AB99 /* FindView.swift */; };
		01CD2DE529B5BC3E0073AB99 /* LoginView.swift in Sources */ = {isa = PBXBuildFile; fileRef = 01CD2DE429B5BC3E0073AB99 /* LoginView.swift */; };
		01CD2DE729B5BC5B0073AB99 /* MainView.swift in Sources */ = {isa = PBXBuildFile; fileRef = 01CD2DE629B5BC5B0073AB99 /* MainView.swift */; };
		01CD2DE929B5BC7A0073AB99 /* RootView.swift in Sources */ = {isa = PBXBuildFile; fileRef = 01CD2DE829B5BC7A0073AB99 /* RootView.swift */; };
		01CD2DEB29B5BC840073AB99 /* SettingView.swift in Sources */ = {isa = PBXBuildFile; fileRef = 01CD2DEA29B5BC840073AB99 /* SettingView.swift */; };
		01CD2DED29B5BC8D0073AB99 /* Signup.swift in Sources */ = {isa = PBXBuildFile; fileRef = 01CD2DEC29B5BC8D0073AB99 /* Signup.swift */; };
		01CD2DF129B5BD210073AB99 /* TabbarView.swift in Sources */ = {isa = PBXBuildFile; fileRef = 01CD2DF029B5BD210073AB99 /* TabbarView.swift */; };
		01CD2DF329BC540C0073AB99 /* PBC in Resources */ = {isa = PBXBuildFile; fileRef = 01CD2DF229BC540C0073AB99 /* PBC */; };
/* End PBXBuildFile section */

/* Begin PBXContainerItemProxy section */
		01CD2DC229B584AE0073AB99 /* PBXContainerItemProxy */ = {
			isa = PBXContainerItemProxy;
			containerPortal = 01CD2DA929B584AE0073AB99 /* Project object */;
			proxyType = 1;
			remoteGlobalIDString = 01CD2DB029B584AE0073AB99;
			remoteInfo = PBC;
		};
		01CD2DCC29B584AE0073AB99 /* PBXContainerItemProxy */ = {
			isa = PBXContainerItemProxy;
			containerPortal = 01CD2DA929B584AE0073AB99 /* Project object */;
			proxyType = 1;
			remoteGlobalIDString = 01CD2DB029B584AE0073AB99;
			remoteInfo = PBC;
		};
/* End PBXContainerItemProxy section */

/* Begin PBXFileReference section */
		01CD2DB129B584AE0073AB99 /* skhuaz.app */ = {isa = PBXFileReference; explicitFileType = wrapper.application; includeInIndex = 0; path = skhuaz.app; sourceTree = BUILT_PRODUCTS_DIR; };
		01CD2DB429B584AE0073AB99 /* PBCApp.swift */ = {isa = PBXFileReference; lastKnownFileType = sourcecode.swift; path = PBCApp.swift; sourceTree = "<group>"; };
		01CD2DB629B584AE0073AB99 /* ContentView.swift */ = {isa = PBXFileReference; lastKnownFileType = sourcecode.swift; path = ContentView.swift; sourceTree = "<group>"; };
		01CD2DB829B584AE0073AB99 /* Assets.xcassets */ = {isa = PBXFileReference; lastKnownFileType = folder.assetcatalog; path = Assets.xcassets; sourceTree = "<group>"; };
		01CD2DBB29B584AE0073AB99 /* Preview Assets.xcassets */ = {isa = PBXFileReference; lastKnownFileType = folder.assetcatalog; path = "Preview Assets.xcassets"; sourceTree = "<group>"; };
		01CD2DC129B584AE0073AB99 /* skhuazTests.xctest */ = {isa = PBXFileReference; explicitFileType = wrapper.cfbundle; includeInIndex = 0; path = skhuazTests.xctest; sourceTree = BUILT_PRODUCTS_DIR; };
		01CD2DC529B584AE0073AB99 /* PBCTests.swift */ = {isa = PBXFileReference; lastKnownFileType = sourcecode.swift; path = PBCTests.swift; sourceTree = "<group>"; };
		01CD2DCB29B584AE0073AB99 /* skhuazUITests.xctest */ = {isa = PBXFileReference; explicitFileType = wrapper.cfbundle; includeInIndex = 0; path = skhuazUITests.xctest; sourceTree = BUILT_PRODUCTS_DIR; };
		01CD2DCF29B584AE0073AB99 /* PBCUITests.swift */ = {isa = PBXFileReference; lastKnownFileType = sourcecode.swift; path = PBCUITests.swift; sourceTree = "<group>"; };
		01CD2DD129B584AE0073AB99 /* PBCUITestsLaunchTests.swift */ = {isa = PBXFileReference; lastKnownFileType = sourcecode.swift; path = PBCUITestsLaunchTests.swift; sourceTree = "<group>"; };
		01CD2DDE29B5BB760073AB99 /* CurriculumView.swift */ = {isa = PBXFileReference; lastKnownFileType = sourcecode.swift; path = CurriculumView.swift; sourceTree = "<group>"; };
		01CD2DE029B5BC250073AB99 /* EvaluationView.swift */ = {isa = PBXFileReference; lastKnownFileType = sourcecode.swift; path = EvaluationView.swift; sourceTree = "<group>"; };
		01CD2DE229B5BC320073AB99 /* FindView.swift */ = {isa = PBXFileReference; lastKnownFileType = sourcecode.swift; path = FindView.swift; sourceTree = "<group>"; };
		01CD2DE429B5BC3E0073AB99 /* LoginView.swift */ = {isa = PBXFileReference; lastKnownFileType = sourcecode.swift; path = LoginView.swift; sourceTree = "<group>"; };
		01CD2DE629B5BC5B0073AB99 /* MainView.swift */ = {isa = PBXFileReference; lastKnownFileType = sourcecode.swift; path = MainView.swift; sourceTree = "<group>"; };
		01CD2DE829B5BC7A0073AB99 /* RootView.swift */ = {isa = PBXFileReference; lastKnownFileType = sourcecode.swift; path = RootView.swift; sourceTree = "<group>"; };
		01CD2DEA29B5BC840073AB99 /* SettingView.swift */ = {isa = PBXFileReference; lastKnownFileType = sourcecode.swift; path = SettingView.swift; sourceTree = "<group>"; };
		01CD2DEC29B5BC8D0073AB99 /* Signup.swift */ = {isa = PBXFileReference; lastKnownFileType = sourcecode.swift; path = Signup.swift; sourceTree = "<group>"; };
		01CD2DF029B5BD210073AB99 /* TabbarView.swift */ = {isa = PBXFileReference; lastKnownFileType = sourcecode.swift; path = TabbarView.swift; sourceTree = "<group>"; };
		01CD2DF229BC540C0073AB99 /* PBC */ = {isa = PBXFileReference; lastKnownFileType = folder; name = PBC; sourceTree = "<group>"; };
/* End PBXFileReference section */

/* Begin PBXFrameworksBuildPhase section */
		01CD2DAE29B584AE0073AB99 /* Frameworks */ = {
			isa = PBXFrameworksBuildPhase;
			buildActionMask = 2147483647;
			files = (
			);
			runOnlyForDeploymentPostprocessing = 0;
		};
		01CD2DBE29B584AE0073AB99 /* Frameworks */ = {
			isa = PBXFrameworksBuildPhase;
			buildActionMask = 2147483647;
			files = (
			);
			runOnlyForDeploymentPostprocessing = 0;
		};
		01CD2DC829B584AE0073AB99 /* Frameworks */ = {
			isa = PBXFrameworksBuildPhase;
			buildActionMask = 2147483647;
			files = (
			);
			runOnlyForDeploymentPostprocessing = 0;
		};
/* End PBXFrameworksBuildPhase section */

/* Begin PBXGroup section */
		01CD2DA829B584AE0073AB99 = {
			isa = PBXGroup;
			children = (
				01CD2DB329B584AE0073AB99 /* PBC */,
				01CD2DF229BC540C0073AB99 /* PBC */,
				01CD2DC429B584AE0073AB99 /* PBCTests */,
				01CD2DCE29B584AE0073AB99 /* PBCUITests */,
				01CD2DB229B584AE0073AB99 /* Products */,
			);
			sourceTree = "<group>";
		};
		01CD2DB229B584AE0073AB99 /* Products */ = {
			isa = PBXGroup;
			children = (
				01CD2DB129B584AE0073AB99 /* skhuaz.app */,
				01CD2DC129B584AE0073AB99 /* skhuazTests.xctest */,
				01CD2DCB29B584AE0073AB99 /* skhuazUITests.xctest */,
			);
			name = Products;
			sourceTree = "<group>";
		};
		01CD2DB329B584AE0073AB99 /* PBC */ = {
			isa = PBXGroup;
			children = (
				01CD2DB429B584AE0073AB99 /* PBCApp.swift */,
				01CD2DB629B584AE0073AB99 /* ContentView.swift */,
				01CD2DDE29B5BB760073AB99 /* CurriculumView.swift */,
				01CD2DE029B5BC250073AB99 /* EvaluationView.swift */,
				01CD2DE229B5BC320073AB99 /* FindView.swift */,
				01CD2DE429B5BC3E0073AB99 /* LoginView.swift */,
				01CD2DF029B5BD210073AB99 /* TabbarView.swift */,
				01CD2DE629B5BC5B0073AB99 /* MainView.swift */,
				01CD2DE829B5BC7A0073AB99 /* RootView.swift */,
				01CD2DEA29B5BC840073AB99 /* SettingView.swift */,
				01CD2DEC29B5BC8D0073AB99 /* Signup.swift */,
				01CD2DB829B584AE0073AB99 /* Assets.xcassets */,
				01CD2DBA29B584AE0073AB99 /* Preview Content */,
			);
			path = PBC;
			sourceTree = "<group>";
		};
		01CD2DBA29B584AE0073AB99 /* Preview Content */ = {
			isa = PBXGroup;
			children = (
				01CD2DBB29B584AE0073AB99 /* Preview Assets.xcassets */,
			);
			path = "Preview Content";
			sourceTree = "<group>";
		};
		01CD2DC429B584AE0073AB99 /* PBCTests */ = {
			isa = PBXGroup;
			children = (
				01CD2DC529B584AE0073AB99 /* PBCTests.swift */,
			);
			path = PBCTests;
			sourceTree = "<group>";
		};
		01CD2DCE29B584AE0073AB99 /* PBCUITests */ = {
			isa = PBXGroup;
			children = (
				01CD2DCF29B584AE0073AB99 /* PBCUITests.swift */,
				01CD2DD129B584AE0073AB99 /* PBCUITestsLaunchTests.swift */,
			);
			path = PBCUITests;
			sourceTree = "<group>";
		};
/* End PBXGroup section */

/* Begin PBXNativeTarget section */
		01CD2DB029B584AE0073AB99 /* skhuaz */ = {
			isa = PBXNativeTarget;
			buildConfigurationList = 01CD2DD529B584AE0073AB99 /* Build configuration list for PBXNativeTarget "skhuaz" */;
			buildPhases = (
				01CD2DAD29B584AE0073AB99 /* Sources */,
				01CD2DAE29B584AE0073AB99 /* Frameworks */,
				01CD2DAF29B584AE0073AB99 /* Resources */,
			);
			buildRules = (
			);
			dependencies = (
			);
			name = skhuaz;
			productName = PBC;
			productReference = 01CD2DB129B584AE0073AB99 /* skhuaz.app */;
			productType = "com.apple.product-type.application";
		};
		01CD2DC029B584AE0073AB99 /* skhuazTests */ = {
			isa = PBXNativeTarget;
			buildConfigurationList = 01CD2DD829B584AE0073AB99 /* Build configuration list for PBXNativeTarget "skhuazTests" */;
			buildPhases = (
				01CD2DBD29B584AE0073AB99 /* Sources */,
				01CD2DBE29B584AE0073AB99 /* Frameworks */,
				01CD2DBF29B584AE0073AB99 /* Resources */,
			);
			buildRules = (
			);
			dependencies = (
				01CD2DC329B584AE0073AB99 /* PBXTargetDependency */,
			);
			name = skhuazTests;
			productName = PBCTests;
			productReference = 01CD2DC129B584AE0073AB99 /* skhuazTests.xctest */;
			productType = "com.apple.product-type.bundle.unit-test";
		};
		01CD2DCA29B584AE0073AB99 /* skhuazUITests */ = {
			isa = PBXNativeTarget;
			buildConfigurationList = 01CD2DDB29B584AE0073AB99 /* Build configuration list for PBXNativeTarget "skhuazUITests" */;
			buildPhases = (
				01CD2DC729B584AE0073AB99 /* Sources */,
				01CD2DC829B584AE0073AB99 /* Frameworks */,
				01CD2DC929B584AE0073AB99 /* Resources */,
			);
			buildRules = (
			);
			dependencies = (
				01CD2DCD29B584AE0073AB99 /* PBXTargetDependency */,
			);
			name = skhuazUITests;
			productName = PBCUITests;
			productReference = 01CD2DCB29B584AE0073AB99 /* skhuazUITests.xctest */;
			productType = "com.apple.product-type.bundle.ui-testing";
		};
/* End PBXNativeTarget section */

/* Begin PBXProject section */
		01CD2DA929B584AE0073AB99 /* Project object */ = {
			isa = PBXProject;
			attributes = {
				BuildIndependentTargetsInParallel = 1;
				LastSwiftUpdateCheck = 1420;
				LastUpgradeCheck = 1420;
				TargetAttributes = {
					01CD2DB029B584AE0073AB99 = {
						CreatedOnToolsVersion = 14.2;
					};
					01CD2DC029B584AE0073AB99 = {
						CreatedOnToolsVersion = 14.2;
						TestTargetID = 01CD2DB029B584AE0073AB99;
					};
					01CD2DCA29B584AE0073AB99 = {
						CreatedOnToolsVersion = 14.2;
						TestTargetID = 01CD2DB029B584AE0073AB99;
					};
				};
			};
			buildConfigurationList = 01CD2DAC29B584AE0073AB99 /* Build configuration list for PBXProject "skhuaz" */;
			compatibilityVersion = "Xcode 14.0";
			developmentRegion = en;
			hasScannedForEncodings = 0;
			knownRegions = (
				en,
				Base,
			);
			mainGroup = 01CD2DA829B584AE0073AB99;
			productRefGroup = 01CD2DB229B584AE0073AB99 /* Products */;
			projectDirPath = "";
			projectRoot = "";
			targets = (
				01CD2DB029B584AE0073AB99 /* skhuaz */,
				01CD2DC029B584AE0073AB99 /* skhuazTests */,
				01CD2DCA29B584AE0073AB99 /* skhuazUITests */,
			);
		};
/* End PBXProject section */

/* Begin PBXResourcesBuildPhase section */
		01CD2DAF29B584AE0073AB99 /* Resources */ = {
			isa = PBXResourcesBuildPhase;
			buildActionMask = 2147483647;
			files = (
				01CD2DF329BC540C0073AB99 /* PBC in Resources */,
				01CD2DBC29B584AE0073AB99 /* Preview Assets.xcassets in Resources */,
				01CD2DB929B584AE0073AB99 /* Assets.xcassets in Resources */,
			);
			runOnlyForDeploymentPostprocessing = 0;
		};
		01CD2DBF29B584AE0073AB99 /* Resources */ = {
			isa = PBXResourcesBuildPhase;
			buildActionMask = 2147483647;
			files = (
			);
			runOnlyForDeploymentPostprocessing = 0;
		};
		01CD2DC929B584AE0073AB99 /* Resources */ = {
			isa = PBXResourcesBuildPhase;
			buildActionMask = 2147483647;
			files = (
			);
			runOnlyForDeploymentPostprocessing = 0;
		};
/* End PBXResourcesBuildPhase section */

/* Begin PBXSourcesBuildPhase section */
		01CD2DAD29B584AE0073AB99 /* Sources */ = {
			isa = PBXSourcesBuildPhase;
			buildActionMask = 2147483647;
			files = (
				01CD2DE929B5BC7A0073AB99 /* RootView.swift in Sources */,
				01CD2DED29B5BC8D0073AB99 /* Signup.swift in Sources */,
				01CD2DE529B5BC3E0073AB99 /* LoginView.swift in Sources */,
				01CD2DE729B5BC5B0073AB99 /* MainView.swift in Sources */,
				01CD2DEB29B5BC840073AB99 /* SettingView.swift in Sources */,
				01CD2DF129B5BD210073AB99 /* TabbarView.swift in Sources */,
				01CD2DE329B5BC320073AB99 /* FindView.swift in Sources */,
				01CD2DDF29B5BB760073AB99 /* CurriculumView.swift in Sources */,
				01CD2DB729B584AE0073AB99 /* ContentView.swift in Sources */,
				01CD2DE129B5BC250073AB99 /* EvaluationView.swift in Sources */,
				01CD2DB529B584AE0073AB99 /* PBCApp.swift in Sources */,
			);
			runOnlyForDeploymentPostprocessing = 0;
		};
		01CD2DBD29B584AE0073AB99 /* Sources */ = {
			isa = PBXSourcesBuildPhase;
			buildActionMask = 2147483647;
			files = (
				01CD2DC629B584AE0073AB99 /* PBCTests.swift in Sources */,
			);
			runOnlyForDeploymentPostprocessing = 0;
		};
		01CD2DC729B584AE0073AB99 /* Sources */ = {
			isa = PBXSourcesBuildPhase;
			buildActionMask = 2147483647;
			files = (
				01CD2DD229B584AE0073AB99 /* PBCUITestsLaunchTests.swift in Sources */,
				01CD2DD029B584AE0073AB99 /* PBCUITests.swift in Sources */,
			);
			runOnlyForDeploymentPostprocessing = 0;
		};
/* End PBXSourcesBuildPhase section */

/* Begin PBXTargetDependency section */
		01CD2DC329B584AE0073AB99 /* PBXTargetDependency */ = {
			isa = PBXTargetDependency;
			target = 01CD2DB029B584AE0073AB99 /* skhuaz */;
			targetProxy = 01CD2DC229B584AE0073AB99 /* PBXContainerItemProxy */;
		};
		01CD2DCD29B584AE0073AB99 /* PBXTargetDependency */ = {
			isa = PBXTargetDependency;
			target = 01CD2DB029B584AE0073AB99 /* skhuaz */;
			targetProxy = 01CD2DCC29B584AE0073AB99 /* PBXContainerItemProxy */;
		};
/* End PBXTargetDependency section */

/* Begin XCBuildConfiguration section */
		01CD2DD329B584AE0073AB99 /* Debug */ = {
			isa = XCBuildConfiguration;
			buildSettings = {
				ALWAYS_SEARCH_USER_PATHS = NO;
				CLANG_ANALYZER_NONNULL = YES;
				CLANG_ANALYZER_NUMBER_OBJECT_CONVERSION = YES_AGGRESSIVE;
				CLANG_CXX_LANGUAGE_STANDARD = "gnu++20";
				CLANG_ENABLE_MODULES = YES;
				CLANG_ENABLE_OBJC_ARC = YES;
				CLANG_ENABLE_OBJC_WEAK = YES;
				CLANG_WARN_BLOCK_CAPTURE_AUTORELEASING = YES;
				CLANG_WARN_BOOL_CONVERSION = YES;
				CLANG_WARN_COMMA = YES;
				CLANG_WARN_CONSTANT_CONVERSION = YES;
				CLANG_WARN_DEPRECATED_OBJC_IMPLEMENTATIONS = YES;
				CLANG_WARN_DIRECT_OBJC_ISA_USAGE = YES_ERROR;
				CLANG_WARN_DOCUMENTATION_COMMENTS = YES;
				CLANG_WARN_EMPTY_BODY = YES;
				CLANG_WARN_ENUM_CONVERSION = YES;
				CLANG_WARN_INFINITE_RECURSION = YES;
				CLANG_WARN_INT_CONVERSION = YES;
				CLANG_WARN_NON_LITERAL_NULL_CONVERSION = YES;
				CLANG_WARN_OBJC_IMPLICIT_RETAIN_SELF = YES;
				CLANG_WARN_OBJC_LITERAL_CONVERSION = YES;
				CLANG_WARN_OBJC_ROOT_CLASS = YES_ERROR;
				CLANG_WARN_QUOTED_INCLUDE_IN_FRAMEWORK_HEADER = YES;
				CLANG_WARN_RANGE_LOOP_ANALYSIS = YES;
				CLANG_WARN_STRICT_PROTOTYPES = YES;
				CLANG_WARN_SUSPICIOUS_MOVE = YES;
				CLANG_WARN_UNGUARDED_AVAILABILITY = YES_AGGRESSIVE;
				CLANG_WARN_UNREACHABLE_CODE = YES;
				CLANG_WARN__DUPLICATE_METHOD_MATCH = YES;
				COPY_PHASE_STRIP = NO;
				DEBUG_INFORMATION_FORMAT = dwarf;
				ENABLE_STRICT_OBJC_MSGSEND = YES;
				ENABLE_TESTABILITY = YES;
				GCC_C_LANGUAGE_STANDARD = gnu11;
				GCC_DYNAMIC_NO_PIC = NO;
				GCC_NO_COMMON_BLOCKS = YES;
				GCC_OPTIMIZATION_LEVEL = 0;
				GCC_PREPROCESSOR_DEFINITIONS = (
					"DEBUG=1",
					"$(inherited)",
				);
				GCC_WARN_64_TO_32_BIT_CONVERSION = YES;
				GCC_WARN_ABOUT_RETURN_TYPE = YES_ERROR;
				GCC_WARN_UNDECLARED_SELECTOR = YES;
				GCC_WARN_UNINITIALIZED_AUTOS = YES_AGGRESSIVE;
				GCC_WARN_UNUSED_FUNCTION = YES;
				GCC_WARN_UNUSED_VARIABLE = YES;
				IPHONEOS_DEPLOYMENT_TARGET = 16.2;
				MTL_ENABLE_DEBUG_INFO = INCLUDE_SOURCE;
				MTL_FAST_MATH = YES;
				ONLY_ACTIVE_ARCH = YES;
				SDKROOT = iphoneos;
				SWIFT_ACTIVE_COMPILATION_CONDITIONS = DEBUG;
				SWIFT_OPTIMIZATION_LEVEL = "-Onone";
			};
			name = Debug;
		};
		01CD2DD429B584AE0073AB99 /* Release */ = {
			isa = XCBuildConfiguration;
			buildSettings = {
				ALWAYS_SEARCH_USER_PATHS = NO;
				CLANG_ANALYZER_NONNULL = YES;
				CLANG_ANALYZER_NUMBER_OBJECT_CONVERSION = YES_AGGRESSIVE;
				CLANG_CXX_LANGUAGE_STANDARD = "gnu++20";
				CLANG_ENABLE_MODULES = YES;
				CLANG_ENABLE_OBJC_ARC = YES;
				CLANG_ENABLE_OBJC_WEAK = YES;
				CLANG_WARN_BLOCK_CAPTURE_AUTORELEASING = YES;
				CLANG_WARN_BOOL_CONVERSION = YES;
				CLANG_WARN_COMMA = YES;
				CLANG_WARN_CONSTANT_CONVERSION = YES;
				CLANG_WARN_DEPRECATED_OBJC_IMPLEMENTATIONS = YES;
				CLANG_WARN_DIRECT_OBJC_ISA_USAGE = YES_ERROR;
				CLANG_WARN_DOCUMENTATION_COMMENTS = YES;
				CLANG_WARN_EMPTY_BODY = YES;
				CLANG_WARN_ENUM_CONVERSION = YES;
				CLANG_WARN_INFINITE_RECURSION = YES;
				CLANG_WARN_INT_CONVERSION = YES;
				CLANG_WARN_NON_LITERAL_NULL_CONVERSION = YES;
				CLANG_WARN_OBJC_IMPLICIT_RETAIN_SELF = YES;
				CLANG_WARN_OBJC_LITERAL_CONVERSION = YES;
				CLANG_WARN_OBJC_ROOT_CLASS = YES_ERROR;
				CLANG_WARN_QUOTED_INCLUDE_IN_FRAMEWORK_HEADER = YES;
				CLANG_WARN_RANGE_LOOP_ANALYSIS = YES;
				CLANG_WARN_STRICT_PROTOTYPES = YES;
				CLANG_WARN_SUSPICIOUS_MOVE = YES;
				CLANG_WARN_UNGUARDED_AVAILABILITY = YES_AGGRESSIVE;
				CLANG_WARN_UNREACHABLE_CODE = YES;
				CLANG_WARN__DUPLICATE_METHOD_MATCH = YES;
				COPY_PHASE_STRIP = NO;
				DEBUG_INFORMATION_FORMAT = "dwarf-with-dsym";
				ENABLE_NS_ASSERTIONS = NO;
				ENABLE_STRICT_OBJC_MSGSEND = YES;
				GCC_C_LANGUAGE_STANDARD = gnu11;
				GCC_NO_COMMON_BLOCKS = YES;
				GCC_WARN_64_TO_32_BIT_CONVERSION = YES;
				GCC_WARN_ABOUT_RETURN_TYPE = YES_ERROR;
				GCC_WARN_UNDECLARED_SELECTOR = YES;
				GCC_WARN_UNINITIALIZED_AUTOS = YES_AGGRESSIVE;
				GCC_WARN_UNUSED_FUNCTION = YES;
				GCC_WARN_UNUSED_VARIABLE = YES;
				IPHONEOS_DEPLOYMENT_TARGET = 16.2;
				MTL_ENABLE_DEBUG_INFO = NO;
				MTL_FAST_MATH = YES;
				SDKROOT = iphoneos;
				SWIFT_COMPILATION_MODE = wholemodule;
				SWIFT_OPTIMIZATION_LEVEL = "-O";
				VALIDATE_PRODUCT = YES;
			};
			name = Release;
		};
		01CD2DD629B584AE0073AB99 /* Debug */ = {
			isa = XCBuildConfiguration;
			buildSettings = {
				ASSETCATALOG_COMPILER_APPICON_NAME = AppIcon;
				ASSETCATALOG_COMPILER_GLOBAL_ACCENT_COLOR_NAME = AccentColor;
				CODE_SIGN_STYLE = Automatic;
				CURRENT_PROJECT_VERSION = 1;
				DEVELOPMENT_ASSET_PATHS = "\"PBC/Preview Content\"";
				ENABLE_PREVIEWS = YES;
				GENERATE_INFOPLIST_FILE = YES;
				INFOPLIST_KEY_UIApplicationSceneManifest_Generation = YES;
				INFOPLIST_KEY_UIApplicationSupportsIndirectInputEvents = YES;
				INFOPLIST_KEY_UILaunchScreen_Generation = YES;
				INFOPLIST_KEY_UISupportedInterfaceOrientations_iPad = "UIInterfaceOrientationPortrait UIInterfaceOrientationPortraitUpsideDown UIInterfaceOrientationLandscapeLeft UIInterfaceOrientationLandscapeRight";
				INFOPLIST_KEY_UISupportedInterfaceOrientations_iPhone = "UIInterfaceOrientationPortrait UIInterfaceOrientationLandscapeLeft UIInterfaceOrientationLandscapeRight";
				LD_RUNPATH_SEARCH_PATHS = (
					"$(inherited)",
					"@executable_path/Frameworks",
				);
				MARKETING_VERSION = 1.0;
				PRODUCT_BUNDLE_IDENTIFIER = PBC.PBC;
				PRODUCT_NAME = "$(TARGET_NAME)";
				SWIFT_EMIT_LOC_STRINGS = YES;
				SWIFT_VERSION = 5.0;
				TARGETED_DEVICE_FAMILY = "1,2";
			};
			name = Debug;
		};
		01CD2DD729B584AE0073AB99 /* Release */ = {
			isa = XCBuildConfiguration;
			buildSettings = {
				ASSETCATALOG_COMPILER_APPICON_NAME = AppIcon;
				ASSETCATALOG_COMPILER_GLOBAL_ACCENT_COLOR_NAME = AccentColor;
				CODE_SIGN_STYLE = Automatic;
				CURRENT_PROJECT_VERSION = 1;
				DEVELOPMENT_ASSET_PATHS = "\"PBC/Preview Content\"";
				ENABLE_PREVIEWS = YES;
				GENERATE_INFOPLIST_FILE = YES;
				INFOPLIST_KEY_UIApplicationSceneManifest_Generation = YES;
				INFOPLIST_KEY_UIApplicationSupportsIndirectInputEvents = YES;
				INFOPLIST_KEY_UILaunchScreen_Generation = YES;
				INFOPLIST_KEY_UISupportedInterfaceOrientations_iPad = "UIInterfaceOrientationPortrait UIInterfaceOrientationPortraitUpsideDown UIInterfaceOrientationLandscapeLeft UIInterfaceOrientationLandscapeRight";
				INFOPLIST_KEY_UISupportedInterfaceOrientations_iPhone = "UIInterfaceOrientationPortrait UIInterfaceOrientationLandscapeLeft UIInterfaceOrientationLandscapeRight";
				LD_RUNPATH_SEARCH_PATHS = (
					"$(inherited)",
					"@executable_path/Frameworks",
				);
				MARKETING_VERSION = 1.0;
				PRODUCT_BUNDLE_IDENTIFIER = PBC.PBC;
				PRODUCT_NAME = "$(TARGET_NAME)";
				SWIFT_EMIT_LOC_STRINGS = YES;
				SWIFT_VERSION = 5.0;
				TARGETED_DEVICE_FAMILY = "1,2";
			};
			name = Release;
		};
		01CD2DD929B584AE0073AB99 /* Debug */ = {
			isa = XCBuildConfiguration;
			buildSettings = {
				ALWAYS_EMBED_SWIFT_STANDARD_LIBRARIES = YES;
				BUNDLE_LOADER = "$(TEST_HOST)";
				CODE_SIGN_STYLE = Automatic;
				CURRENT_PROJECT_VERSION = 1;
				GENERATE_INFOPLIST_FILE = YES;
				IPHONEOS_DEPLOYMENT_TARGET = 16.2;
				MARKETING_VERSION = 1.0;
				PRODUCT_BUNDLE_IDENTIFIER = PBC.PBCTests;
				PRODUCT_NAME = "$(TARGET_NAME)";
				SWIFT_EMIT_LOC_STRINGS = NO;
				SWIFT_VERSION = 5.0;
				TARGETED_DEVICE_FAMILY = "1,2";
				TEST_HOST = "$(BUILT_PRODUCTS_DIR)/skhuaz.app/$(BUNDLE_EXECUTABLE_FOLDER_PATH)/skhuaz";
			};
			name = Debug;
		};
		01CD2DDA29B584AE0073AB99 /* Release */ = {
			isa = XCBuildConfiguration;
			buildSettings = {
				ALWAYS_EMBED_SWIFT_STANDARD_LIBRARIES = YES;
				BUNDLE_LOADER = "$(TEST_HOST)";
				CODE_SIGN_STYLE = Automatic;
				CURRENT_PROJECT_VERSION = 1;
				GENERATE_INFOPLIST_FILE = YES;
				IPHONEOS_DEPLOYMENT_TARGET = 16.2;
				MARKETING_VERSION = 1.0;
				PRODUCT_BUNDLE_IDENTIFIER = PBC.PBCTests;
				PRODUCT_NAME = "$(TARGET_NAME)";
				SWIFT_EMIT_LOC_STRINGS = NO;
				SWIFT_VERSION = 5.0;
				TARGETED_DEVICE_FAMILY = "1,2";
				TEST_HOST = "$(BUILT_PRODUCTS_DIR)/skhuaz.app/$(BUNDLE_EXECUTABLE_FOLDER_PATH)/skhuaz";
			};
			name = Release;
		};
		01CD2DDC29B584AE0073AB99 /* Debug */ = {
			isa = XCBuildConfiguration;
			buildSettings = {
				ALWAYS_EMBED_SWIFT_STANDARD_LIBRARIES = YES;
				CODE_SIGN_STYLE = Automatic;
				CURRENT_PROJECT_VERSION = 1;
				GENERATE_INFOPLIST_FILE = YES;
				MARKETING_VERSION = 1.0;
				PRODUCT_BUNDLE_IDENTIFIER = PBC.PBCUITests;
				PRODUCT_NAME = "$(TARGET_NAME)";
				SWIFT_EMIT_LOC_STRINGS = NO;
				SWIFT_VERSION = 5.0;
				TARGETED_DEVICE_FAMILY = "1,2";
				TEST_TARGET_NAME = PBC;
			};
			name = Debug;
		};
		01CD2DDD29B584AE0073AB99 /* Release */ = {
			isa = XCBuildConfiguration;
			buildSettings = {
				ALWAYS_EMBED_SWIFT_STANDARD_LIBRARIES = YES;
				CODE_SIGN_STYLE = Automatic;
				CURRENT_PROJECT_VERSION = 1;
				GENERATE_INFOPLIST_FILE = YES;
				MARKETING_VERSION = 1.0;
				PRODUCT_BUNDLE_IDENTIFIER = PBC.PBCUITests;
				PRODUCT_NAME = "$(TARGET_NAME)";
				SWIFT_EMIT_LOC_STRINGS = NO;
				SWIFT_VERSION = 5.0;
				TARGETED_DEVICE_FAMILY = "1,2";
				TEST_TARGET_NAME = PBC;
			};
			name = Release;
		};
/* End XCBuildConfiguration section */

/* Begin XCConfigurationList section */
		01CD2DAC29B584AE0073AB99 /* Build configuration list for PBXProject "skhuaz" */ = {
			isa = XCConfigurationList;
			buildConfigurations = (
				01CD2DD329B584AE0073AB99 /* Debug */,
				01CD2DD429B584AE0073AB99 /* Release */,
			);
			defaultConfigurationIsVisible = 0;
			defaultConfigurationName = Release;
		};
		01CD2DD529B584AE0073AB99 /* Build configuration list for PBXNativeTarget "skhuaz" */ = {
			isa = XCConfigurationList;
			buildConfigurations = (
				01CD2DD629B584AE0073AB99 /* Debug */,
				01CD2DD729B584AE0073AB99 /* Release */,
			);
			defaultConfigurationIsVisible = 0;
			defaultConfigurationName = Release;
		};
		01CD2DD829B584AE0073AB99 /* Build configuration list for PBXNativeTarget "skhuazTests" */ = {
			isa = XCConfigurationList;
			buildConfigurations = (
				01CD2DD929B584AE0073AB99 /* Debug */,
				01CD2DDA29B584AE0073AB99 /* Release */,
			);
			defaultConfigurationIsVisible = 0;
			defaultConfigurationName = Release;
		};
		01CD2DDB29B584AE0073AB99 /* Build configuration list for PBXNativeTarget "skhuazUITests" */ = {
			isa = XCConfigurationList;
			buildConfigurations = (
				01CD2DDC29B584AE0073AB99 /* Debug */,
				01CD2DDD29B584AE0073AB99 /* Release */,
			);
			defaultConfigurationIsVisible = 0;
			defaultConfigurationName = Release;
		};
/* End XCConfigurationList section */
	};
	rootObject = 01CD2DA929B584AE0073AB99 /* Project object */;
}
